
Microsoft Visual Studio Solution File, Format Version 12.00
# Visual Studio Version 17
VisualStudioVersion = 17.3.32825.248
MinimumVisualStudioVersion = 10.0.40219.1
Project("{8BC9CEB8-8B4A-11D0-8D11-00A0C91BC942}") = "Ejercicios Juez", "Ejercicios Juez\Ejercicios Juez.vcxproj", "{F331C812-38E4-4491-B406-48FF92FE5C6C}"
EndProject
Project("{8BC9CEB8-8B4A-11D0-8D11-00A0C91BC942}") = "EJ0", "EJ0\EJ0.vcxproj", "{56D64B6D-4611-4F93-8050-EB512EF1FDF9}"
EndProject
Project("{8BC9CEB8-8B4A-11D0-8D11-00A0C91BC942}") = "EJ_02", "EJ_02\EJ_02.vcxproj", "{5C43DACE-BBD4-492D-B8D9-7473DDAAF637}"
EndProject
Project("{8BC9CEB8-8B4A-11D0-8D11-00A0C91BC942}") = "Ej_03", "Ej_03\Ej_03.vcxproj", "{D277F921-D085-4BDC-ACCE-A6A3A7DCD2E6}"
EndProject
Project("{8BC9CEB8-8B4A-11D0-8D11-00A0C91BC942}") = "Ej_04", "Ej_04\Ej_04.vcxproj", "{6EC71E40-D13C-4388-9BE2-EBA83369FAF5}"
EndProject
Project("{8BC9CEB8-8B4A-11D0-8D11-00A0C91BC942}") = "EJ_05", "EJ_05\EJ_05.vcxproj", "{1187AE88-F338-4A07-8B65-531C3795BA00}"
EndProject
Project("{8BC9CEB8-8B4A-11D0-8D11-00A0C91BC942}") = "Ej_06", "Ej_06\Ej_06.vcxproj", "{E9E6C562-DE8A-4D64-B0D2-F80894B7BBE7}"
EndProject
Project("{8BC9CEB8-8B4A-11D0-8D11-00A0C91BC942}") = "Ej_07(evaluable", "Ej_07(evaluable\Ej_07(evaluable.vcxproj", "{968C2825-6587-4E05-A597-30EADC29A622}"
EndProject
Project("{8BC9CEB8-8B4A-11D0-8D11-00A0C91BC942}") = "Ej13(eval)", "Ej13(eval)\Ej13(eval).vcxproj", "{34FD7C14-773E-49C8-BE1E-A2B3B5229C8C}"
EndProject
Project("{8BC9CEB8-8B4A-11D0-8D11-00A0C91BC942}") = "EJ08", "EJ08\EJ08.vcxproj", "{C5E267A2-106D-4FF7-9EE4-16B194096597}"
EndProject
Project("{8BC9CEB8-8B4A-11D0-8D11-00A0C91BC942}") = "Ej10", "Ej10\Ej10.vcxproj", "{CFF1922F-1F69-484E-9080-E4EE857EE2D0}"
EndProject
Project("{8BC9CEB8-8B4A-11D0-8D11-00A0C91BC942}") = "Ej_11", "Ej_11\Ej_11.vcxproj", "{1401A2BD-BCDA-45E4-8655-1AF768B12AAD}"
EndProject
Project("{8BC9CEB8-8B4A-11D0-8D11-00A0C91BC942}") = "Ej_12", "Ej_12\Ej_12.vcxproj", "{0D20323F-BE5F-42D4-A0B7-D2F021F8BEE3}"
EndProject
Project("{8BC9CEB8-8B4A-11D0-8D11-00A0C91BC942}") = "Ej_17", "Ej_17\Ej_17.vcxproj", "{4CB08AB5-60A0-4AF6-8EA6-C2513D7C88CA}"
EndProject
Project("{8BC9CEB8-8B4A-11D0-8D11-00A0C91BC942}") = "Ej_14", "Ej_14\Ej_14.vcxproj", "{8681E57C-D3D6-4B2E-A14C-0F51109F0461}"
EndProject
Project("{8BC9CEB8-8B4A-11D0-8D11-00A0C91BC942}") = "Ej_20", "Ej_20\Ej_20.vcxproj", "{459540C8-BF98-413E-B7F5-5CF898A4DB51}"
EndProject
Project("{8BC9CEB8-8B4A-11D0-8D11-00A0C91BC942}") = "EJ_16", "EJ_16\EJ_16.vcxproj", "{F815FE78-FA77-4DE5-9DBA-9CA45AE7FB1E}"
EndProject
Project("{8BC9CEB8-8B4A-11D0-8D11-00A0C91BC942}") = "Ej_15", "Ej_15\Ej_15.vcxproj", "{3EE495F2-BAD3-4134-9BBB-15C64A65134C}"
EndProject
Project("{8BC9CEB8-8B4A-11D0-8D11-00A0C91BC942}") = "Ej_18", "Ej_18\Ej_18.vcxproj", "{0E517987-55D3-4326-B02C-20572D5A869A}"
EndProject
Project("{8BC9CEB8-8B4A-11D0-8D11-00A0C91BC942}") = "Ej_19", "Ej_19\Ej_19.vcxproj", "{33F475C7-A43B-4408-92F6-0449AED54C69}"
EndProject
Project("{8BC9CEB8-8B4A-11D0-8D11-00A0C91BC942}") = "EJ_25", "EJ_25\EJ_25.vcxproj", "{0087A8A5-E76E-4A1C-920F-5A71D30A7D85}"
EndProject
Project("{8BC9CEB8-8B4A-11D0-8D11-00A0C91BC942}") = "EJ_22", "EJ_22\EJ_22.vcxproj", "{A7E001E8-D0EF-427D-B1EC-EFBD3455E987}"
EndProject
Project("{8BC9CEB8-8B4A-11D0-8D11-00A0C91BC942}") = "Ej_28", "Ej_28\Ej_28.vcxproj", "{FD374D15-633F-46F1-AEC4-80E0C53C1E19}"
EndProject
Project("{8BC9CEB8-8B4A-11D0-8D11-00A0C91BC942}") = "Ej_23", "Ej_23\Ej_23.vcxproj", "{F3D787F0-EFB2-4C05-9197-00B2676B8753}"
EndProject
Project("{8BC9CEB8-8B4A-11D0-8D11-00A0C91BC942}") = "Ej_24", "Ej_24\Ej_24.vcxproj", "{2CE3AE57-896E-464B-89AC-89DFFE887913}"
EndProject
Project("{8BC9CEB8-8B4A-11D0-8D11-00A0C91BC942}") = "Ej_26", "Ej_26\Ej_26.vcxproj", "{17EBCDE7-B3E8-482E-9E31-2BE7F9510F2E}"
EndProject
Project("{8BC9CEB8-8B4A-11D0-8D11-00A0C91BC942}") = "Ej_29", "Ej_29\Ej_29.vcxproj", "{CF31E89B-5DB2-4B9D-BBE0-EC6475693B55}"
EndProject
Project("{8BC9CEB8-8B4A-11D0-8D11-00A0C91BC942}") = "Ej_30", "Ej_30\Ej_30.vcxproj", "{F92D9C2C-6B6B-48E6-B05F-5970494629AA}"
EndProject
Project("{8BC9CEB8-8B4A-11D0-8D11-00A0C91BC942}") = "Ej_31", "Ej_31\Ej_31.vcxproj", "{D5D0A2BE-0778-4E61-9085-57D78757465A}"
EndProject
Project("{8BC9CEB8-8B4A-11D0-8D11-00A0C91BC942}") = "Ej_33", "Ej_33\Ej_33.vcxproj", "{5C87452C-B75C-47E4-8752-B36354396F53}"
EndProject
Project("{8BC9CEB8-8B4A-11D0-8D11-00A0C91BC942}") = "Ej_32", "Ej_32\Ej_32.vcxproj", "{D6852F95-7545-498B-BCEA-9BD2FA1773D0}"
EndProject
Project("{8BC9CEB8-8B4A-11D0-8D11-00A0C91BC942}") = "Ej_36", "Ej_36\Ej_36.vcxproj", "{37AFB0D1-D57C-4688-AA19-4F1CC8F691FD}"
EndProject
Project("{8BC9CEB8-8B4A-11D0-8D11-00A0C91BC942}") = "Ej_38", "Ej_38\Ej_38.vcxproj", "{5F620DAC-AF2E-458F-9A43-E0955C9BFAE7}"
EndProject
Project("{8BC9CEB8-8B4A-11D0-8D11-00A0C91BC942}") = "Ej_39", "Ej_39\Ej_39.vcxproj", "{B00524A2-A2A7-49F8-A989-B3729DDE65F5}"
EndProject
Project("{8BC9CEB8-8B4A-11D0-8D11-00A0C91BC942}") = "Ej_37", "Ej_37\Ej_37.vcxproj", "{F13D5CCC-3C2C-448C-A9E8-22B50737B929}"
EndProject
Project("{8BC9CEB8-8B4A-11D0-8D11-00A0C91BC942}") = "Ej_42", "Ej_42\Ej_42.vcxproj", "{1981E7A4-CCC1-46E2-A884-815946C36098}"
EndProject
Project("{8BC9CEB8-8B4A-11D0-8D11-00A0C91BC942}") = "Ej_40", "Ej_40\Ej_40.vcxproj", "{07F8BA93-8DBE-4FC2-8886-70FED59F6686}"
EndProject
Project("{8BC9CEB8-8B4A-11D0-8D11-00A0C91BC942}") = "Ej_45", "Ej_45\Ej_45.vcxproj", "{5A20B7A7-D46F-4096-A01B-136375779751}"
EndProject
Project("{8BC9CEB8-8B4A-11D0-8D11-00A0C91BC942}") = "Ej_47(junio)", "Ej_47(junio)\Ej_47(junio).vcxproj", "{E0D42214-FC16-4441-B276-1A885658117F}"
EndProject
Project("{8BC9CEB8-8B4A-11D0-8D11-00A0C91BC942}") = "Bizcocho_de_frutas", "Bizcocho_de_frutas\Bizcocho_de_frutas.vcxproj", "{0116610D-3651-4F1F-B6AB-9170B47C509F}"
EndProject
Project("{8BC9CEB8-8B4A-11D0-8D11-00A0C91BC942}") = "ColocarALosGuardias", "ColocarALosGuardias\ColocarALosGuardias.vcxproj", "{AEA3A91C-94AB-407A-AC3A-3DD62169E3CF}"
EndProject
Project("{8BC9CEB8-8B4A-11D0-8D11-00A0C91BC942}") = "Ej_09", "Ej_09\Ej_09.vcxproj", "{3EBAC7C7-97A0-400B-91F2-00F8E55CED4B}"
EndProject
Project("{8BC9CEB8-8B4A-11D0-8D11-00A0C91BC942}") = "Ej_27", "Ej_27\Ej_27.vcxproj", "{B30E9B8B-DA52-4CDA-A9CF-9CC97DC0D3E5}"
EndProject
Project("{8BC9CEB8-8B4A-11D0-8D11-00A0C91BC942}") = "Ej_21", "Ej_21\Ej_21.vcxproj", "{63EE0763-F74A-47C2-BC42-7A807E134336}"
EndProject
Project("{8BC9CEB8-8B4A-11D0-8D11-00A0C91BC942}") = "PavimentarBarroCitiy", "PavimentarBarroCitiy\PavimentarBarroCitiy.vcxproj", "{0271CA5C-A0B3-48C0-99BC-9D9550582BFA}"
EndProject
Project("{8BC9CEB8-8B4A-11D0-8D11-00A0C91BC942}") = "Ej_41", "Ej_41\Ej_41.vcxproj", "{6193480F-4649-4E6B-B06C-E54F60489DB3}"
EndProject
Project("{8BC9CEB8-8B4A-11D0-8D11-00A0C91BC942}") = "NosVamosDeConcierto", "NosVamosDeConcierto\NosVamosDeConcierto.vcxproj", "{964F46B9-FA79-4F42-A6D8-92635DDBB3F0}"
EndProject
Project("{8BC9CEB8-8B4A-11D0-8D11-00A0C91BC942}") = "Trim", "Trim\Trim.vcxproj", "{E40DB9F3-8B4C-4BA6-AD0B-0044C9A31C7E}"
EndProject
Project("{8BC9CEB8-8B4A-11D0-8D11-00A0C91BC942}") = "RepartiendoPaquetes", "RepartiendoPaquetes\RepartiendoPaquetes.vcxproj", "{997FCCFA-9850-4654-A714-86A61810095B}"
EndProject
Project("{2150E333-8FDC-42A3-9474-1A3956D46DE8}") = "Elementos de la solución", "Elementos de la solución", "{F052FBDB-4DB7-4E54-A5EE-8ACAB9D3B3CE}"
	ProjectSection(SolutionItems) = preProject
		TextFile1.txt = TextFile1.txt
	EndProjectSection
EndProject
Project("{8BC9CEB8-8B4A-11D0-8D11-00A0C91BC942}") = "EsquiandoEnAlaska", "EsquiandoEnAlaska\EsquiandoEnAlaska.vcxproj", "{AF13FCDC-D070-4054-BBC3-D087B824093F}"
EndProject
Project("{8BC9CEB8-8B4A-11D0-8D11-00A0C91BC942}") = "EJ_48(enero)", "EJ_48(enero)\EJ_48(enero).vcxproj", "{B7D220AA-6528-4C29-A60E-4926AD49296E}"
EndProject
Global
	GlobalSection(SolutionConfigurationPlatforms) = preSolution
		Debug|x64 = Debug|x64
		Debug|x86 = Debug|x86
		Release|x64 = Release|x64
		Release|x86 = Release|x86
	EndGlobalSection
	GlobalSection(ProjectConfigurationPlatforms) = postSolution
		{F331C812-38E4-4491-B406-48FF92FE5C6C}.Debug|x64.ActiveCfg = Debug|x64
		{F331C812-38E4-4491-B406-48FF92FE5C6C}.Debug|x64.Build.0 = Debug|x64
		{F331C812-38E4-4491-B406-48FF92FE5C6C}.Debug|x86.ActiveCfg = Debug|Win32
		{F331C812-38E4-4491-B406-48FF92FE5C6C}.Debug|x86.Build.0 = Debug|Win32
		{F331C812-38E4-4491-B406-48FF92FE5C6C}.Release|x64.ActiveCfg = Release|x64
		{F331C812-38E4-4491-B406-48FF92FE5C6C}.Release|x64.Build.0 = Release|x64
		{F331C812-38E4-4491-B406-48FF92FE5C6C}.Release|x86.ActiveCfg = Release|Win32
		{F331C812-38E4-4491-B406-48FF92FE5C6C}.Release|x86.Build.0 = Release|Win32
		{56D64B6D-4611-4F93-8050-EB512EF1FDF9}.Debug|x64.ActiveCfg = Debug|x64
		{56D64B6D-4611-4F93-8050-EB512EF1FDF9}.Debug|x64.Build.0 = Debug|x64
		{56D64B6D-4611-4F93-8050-EB512EF1FDF9}.Debug|x86.ActiveCfg = Debug|Win32
		{56D64B6D-4611-4F93-8050-EB512EF1FDF9}.Debug|x86.Build.0 = Debug|Win32
		{56D64B6D-4611-4F93-8050-EB512EF1FDF9}.Release|x64.ActiveCfg = Release|x64
		{56D64B6D-4611-4F93-8050-EB512EF1FDF9}.Release|x64.Build.0 = Release|x64
		{56D64B6D-4611-4F93-8050-EB512EF1FDF9}.Release|x86.ActiveCfg = Release|Win32
		{56D64B6D-4611-4F93-8050-EB512EF1FDF9}.Release|x86.Build.0 = Release|Win32
		{5C43DACE-BBD4-492D-B8D9-7473DDAAF637}.Debug|x64.ActiveCfg = Debug|x64
		{5C43DACE-BBD4-492D-B8D9-7473DDAAF637}.Debug|x64.Build.0 = Debug|x64
		{5C43DACE-BBD4-492D-B8D9-7473DDAAF637}.Debug|x86.ActiveCfg = Debug|Win32
		{5C43DACE-BBD4-492D-B8D9-7473DDAAF637}.Debug|x86.Build.0 = Debug|Win32
		{5C43DACE-BBD4-492D-B8D9-7473DDAAF637}.Release|x64.ActiveCfg = Release|x64
		{5C43DACE-BBD4-492D-B8D9-7473DDAAF637}.Release|x64.Build.0 = Release|x64
		{5C43DACE-BBD4-492D-B8D9-7473DDAAF637}.Release|x86.ActiveCfg = Release|Win32
		{5C43DACE-BBD4-492D-B8D9-7473DDAAF637}.Release|x86.Build.0 = Release|Win32
		{D277F921-D085-4BDC-ACCE-A6A3A7DCD2E6}.Debug|x64.ActiveCfg = Debug|x64
		{D277F921-D085-4BDC-ACCE-A6A3A7DCD2E6}.Debug|x64.Build.0 = Debug|x64
		{D277F921-D085-4BDC-ACCE-A6A3A7DCD2E6}.Debug|x86.ActiveCfg = Debug|Win32
		{D277F921-D085-4BDC-ACCE-A6A3A7DCD2E6}.Debug|x86.Build.0 = Debug|Win32
		{D277F921-D085-4BDC-ACCE-A6A3A7DCD2E6}.Release|x64.ActiveCfg = Release|x64
		{D277F921-D085-4BDC-ACCE-A6A3A7DCD2E6}.Release|x64.Build.0 = Release|x64
		{D277F921-D085-4BDC-ACCE-A6A3A7DCD2E6}.Release|x86.ActiveCfg = Release|Win32
		{D277F921-D085-4BDC-ACCE-A6A3A7DCD2E6}.Release|x86.Build.0 = Release|Win32
		{6EC71E40-D13C-4388-9BE2-EBA83369FAF5}.Debug|x64.ActiveCfg = Debug|x64
		{6EC71E40-D13C-4388-9BE2-EBA83369FAF5}.Debug|x64.Build.0 = Debug|x64
		{6EC71E40-D13C-4388-9BE2-EBA83369FAF5}.Debug|x86.ActiveCfg = Debug|Win32
		{6EC71E40-D13C-4388-9BE2-EBA83369FAF5}.Debug|x86.Build.0 = Debug|Win32
		{6EC71E40-D13C-4388-9BE2-EBA83369FAF5}.Release|x64.ActiveCfg = Release|x64
		{6EC71E40-D13C-4388-9BE2-EBA83369FAF5}.Release|x64.Build.0 = Release|x64
		{6EC71E40-D13C-4388-9BE2-EBA83369FAF5}.Release|x86.ActiveCfg = Release|Win32
		{6EC71E40-D13C-4388-9BE2-EBA83369FAF5}.Release|x86.Build.0 = Release|Win32
		{1187AE88-F338-4A07-8B65-531C3795BA00}.Debug|x64.ActiveCfg = Debug|x64
		{1187AE88-F338-4A07-8B65-531C3795BA00}.Debug|x64.Build.0 = Debug|x64
		{1187AE88-F338-4A07-8B65-531C3795BA00}.Debug|x86.ActiveCfg = Debug|Win32
		{1187AE88-F338-4A07-8B65-531C3795BA00}.Debug|x86.Build.0 = Debug|Win32
		{1187AE88-F338-4A07-8B65-531C3795BA00}.Release|x64.ActiveCfg = Release|x64
		{1187AE88-F338-4A07-8B65-531C3795BA00}.Release|x64.Build.0 = Release|x64
		{1187AE88-F338-4A07-8B65-531C3795BA00}.Release|x86.ActiveCfg = Release|Win32
		{1187AE88-F338-4A07-8B65-531C3795BA00}.Release|x86.Build.0 = Release|Win32
		{E9E6C562-DE8A-4D64-B0D2-F80894B7BBE7}.Debug|x64.ActiveCfg = Debug|x64
		{E9E6C562-DE8A-4D64-B0D2-F80894B7BBE7}.Debug|x64.Build.0 = Debug|x64
		{E9E6C562-DE8A-4D64-B0D2-F80894B7BBE7}.Debug|x86.ActiveCfg = Debug|Win32
		{E9E6C562-DE8A-4D64-B0D2-F80894B7BBE7}.Debug|x86.Build.0 = Debug|Win32
		{E9E6C562-DE8A-4D64-B0D2-F80894B7BBE7}.Release|x64.ActiveCfg = Release|x64
		{E9E6C562-DE8A-4D64-B0D2-F80894B7BBE7}.Release|x64.Build.0 = Release|x64
		{E9E6C562-DE8A-4D64-B0D2-F80894B7BBE7}.Release|x86.ActiveCfg = Release|Win32
		{E9E6C562-DE8A-4D64-B0D2-F80894B7BBE7}.Release|x86.Build.0 = Release|Win32
		{968C2825-6587-4E05-A597-30EADC29A622}.Debug|x64.ActiveCfg = Debug|x64
		{968C2825-6587-4E05-A597-30EADC29A622}.Debug|x64.Build.0 = Debug|x64
		{968C2825-6587-4E05-A597-30EADC29A622}.Debug|x86.ActiveCfg = Debug|Win32
		{968C2825-6587-4E05-A597-30EADC29A622}.Debug|x86.Build.0 = Debug|Win32
		{968C2825-6587-4E05-A597-30EADC29A622}.Release|x64.ActiveCfg = Release|x64
		{968C2825-6587-4E05-A597-30EADC29A622}.Release|x64.Build.0 = Release|x64
		{968C2825-6587-4E05-A597-30EADC29A622}.Release|x86.ActiveCfg = Release|Win32
		{968C2825-6587-4E05-A597-30EADC29A622}.Release|x86.Build.0 = Release|Win32
		{34FD7C14-773E-49C8-BE1E-A2B3B5229C8C}.Debug|x64.ActiveCfg = Debug|x64
		{34FD7C14-773E-49C8-BE1E-A2B3B5229C8C}.Debug|x64.Build.0 = Debug|x64
		{34FD7C14-773E-49C8-BE1E-A2B3B5229C8C}.Debug|x86.ActiveCfg = Debug|Win32
		{34FD7C14-773E-49C8-BE1E-A2B3B5229C8C}.Debug|x86.Build.0 = Debug|Win32
		{34FD7C14-773E-49C8-BE1E-A2B3B5229C8C}.Release|x64.ActiveCfg = Release|x64
		{34FD7C14-773E-49C8-BE1E-A2B3B5229C8C}.Release|x64.Build.0 = Release|x64
		{34FD7C14-773E-49C8-BE1E-A2B3B5229C8C}.Release|x86.ActiveCfg = Release|Win32
		{34FD7C14-773E-49C8-BE1E-A2B3B5229C8C}.Release|x86.Build.0 = Release|Win32
		{C5E267A2-106D-4FF7-9EE4-16B194096597}.Debug|x64.ActiveCfg = Debug|x64
		{C5E267A2-106D-4FF7-9EE4-16B194096597}.Debug|x64.Build.0 = Debug|x64
		{C5E267A2-106D-4FF7-9EE4-16B194096597}.Debug|x86.ActiveCfg = Debug|Win32
		{C5E267A2-106D-4FF7-9EE4-16B194096597}.Debug|x86.Build.0 = Debug|Win32
		{C5E267A2-106D-4FF7-9EE4-16B194096597}.Release|x64.ActiveCfg = Release|x64
		{C5E267A2-106D-4FF7-9EE4-16B194096597}.Release|x64.Build.0 = Release|x64
		{C5E267A2-106D-4FF7-9EE4-16B194096597}.Release|x86.ActiveCfg = Release|Win32
		{C5E267A2-106D-4FF7-9EE4-16B194096597}.Release|x86.Build.0 = Release|Win32
		{CFF1922F-1F69-484E-9080-E4EE857EE2D0}.Debug|x64.ActiveCfg = Debug|x64
		{CFF1922F-1F69-484E-9080-E4EE857EE2D0}.Debug|x64.Build.0 = Debug|x64
		{CFF1922F-1F69-484E-9080-E4EE857EE2D0}.Debug|x86.ActiveCfg = Debug|Win32
		{CFF1922F-1F69-484E-9080-E4EE857EE2D0}.Debug|x86.Build.0 = Debug|Win32
		{CFF1922F-1F69-484E-9080-E4EE857EE2D0}.Release|x64.ActiveCfg = Release|x64
		{CFF1922F-1F69-484E-9080-E4EE857EE2D0}.Release|x64.Build.0 = Release|x64
		{CFF1922F-1F69-484E-9080-E4EE857EE2D0}.Release|x86.ActiveCfg = Release|Win32
		{CFF1922F-1F69-484E-9080-E4EE857EE2D0}.Release|x86.Build.0 = Release|Win32
		{1401A2BD-BCDA-45E4-8655-1AF768B12AAD}.Debug|x64.ActiveCfg = Debug|x64
		{1401A2BD-BCDA-45E4-8655-1AF768B12AAD}.Debug|x64.Build.0 = Debug|x64
		{1401A2BD-BCDA-45E4-8655-1AF768B12AAD}.Debug|x86.ActiveCfg = Debug|Win32
		{1401A2BD-BCDA-45E4-8655-1AF768B12AAD}.Debug|x86.Build.0 = Debug|Win32
		{1401A2BD-BCDA-45E4-8655-1AF768B12AAD}.Release|x64.ActiveCfg = Release|x64
		{1401A2BD-BCDA-45E4-8655-1AF768B12AAD}.Release|x64.Build.0 = Release|x64
		{1401A2BD-BCDA-45E4-8655-1AF768B12AAD}.Release|x86.ActiveCfg = Release|Win32
		{1401A2BD-BCDA-45E4-8655-1AF768B12AAD}.Release|x86.Build.0 = Release|Win32
		{0D20323F-BE5F-42D4-A0B7-D2F021F8BEE3}.Debug|x64.ActiveCfg = Debug|x64
		{0D20323F-BE5F-42D4-A0B7-D2F021F8BEE3}.Debug|x64.Build.0 = Debug|x64
		{0D20323F-BE5F-42D4-A0B7-D2F021F8BEE3}.Debug|x86.ActiveCfg = Debug|Win32
		{0D20323F-BE5F-42D4-A0B7-D2F021F8BEE3}.Debug|x86.Build.0 = Debug|Win32
		{0D20323F-BE5F-42D4-A0B7-D2F021F8BEE3}.Release|x64.ActiveCfg = Release|x64
		{0D20323F-BE5F-42D4-A0B7-D2F021F8BEE3}.Release|x64.Build.0 = Release|x64
		{0D20323F-BE5F-42D4-A0B7-D2F021F8BEE3}.Release|x86.ActiveCfg = Release|Win32
		{0D20323F-BE5F-42D4-A0B7-D2F021F8BEE3}.Release|x86.Build.0 = Release|Win32
		{4CB08AB5-60A0-4AF6-8EA6-C2513D7C88CA}.Debug|x64.ActiveCfg = Debug|x64
		{4CB08AB5-60A0-4AF6-8EA6-C2513D7C88CA}.Debug|x64.Build.0 = Debug|x64
		{4CB08AB5-60A0-4AF6-8EA6-C2513D7C88CA}.Debug|x86.ActiveCfg = Debug|Win32
		{4CB08AB5-60A0-4AF6-8EA6-C2513D7C88CA}.Debug|x86.Build.0 = Debug|Win32
		{4CB08AB5-60A0-4AF6-8EA6-C2513D7C88CA}.Release|x64.ActiveCfg = Release|x64
		{4CB08AB5-60A0-4AF6-8EA6-C2513D7C88CA}.Release|x64.Build.0 = Release|x64
		{4CB08AB5-60A0-4AF6-8EA6-C2513D7C88CA}.Release|x86.ActiveCfg = Release|Win32
		{4CB08AB5-60A0-4AF6-8EA6-C2513D7C88CA}.Release|x86.Build.0 = Release|Win32
		{8681E57C-D3D6-4B2E-A14C-0F51109F0461}.Debug|x64.ActiveCfg = Debug|x64
		{8681E57C-D3D6-4B2E-A14C-0F51109F0461}.Debug|x64.Build.0 = Debug|x64
		{8681E57C-D3D6-4B2E-A14C-0F51109F0461}.Debug|x86.ActiveCfg = Debug|Win32
		{8681E57C-D3D6-4B2E-A14C-0F51109F0461}.Debug|x86.Build.0 = Debug|Win32
		{8681E57C-D3D6-4B2E-A14C-0F51109F0461}.Release|x64.ActiveCfg = Release|x64
		{8681E57C-D3D6-4B2E-A14C-0F51109F0461}.Release|x64.Build.0 = Release|x64
		{8681E57C-D3D6-4B2E-A14C-0F51109F0461}.Release|x86.ActiveCfg = Release|Win32
		{8681E57C-D3D6-4B2E-A14C-0F51109F0461}.Release|x86.Build.0 = Release|Win32
		{459540C8-BF98-413E-B7F5-5CF898A4DB51}.Debug|x64.ActiveCfg = Debug|x64
		{459540C8-BF98-413E-B7F5-5CF898A4DB51}.Debug|x64.Build.0 = Debug|x64
		{459540C8-BF98-413E-B7F5-5CF898A4DB51}.Debug|x86.ActiveCfg = Debug|Win32
		{459540C8-BF98-413E-B7F5-5CF898A4DB51}.Debug|x86.Build.0 = Debug|Win32
		{459540C8-BF98-413E-B7F5-5CF898A4DB51}.Release|x64.ActiveCfg = Release|x64
		{459540C8-BF98-413E-B7F5-5CF898A4DB51}.Release|x64.Build.0 = Release|x64
		{459540C8-BF98-413E-B7F5-5CF898A4DB51}.Release|x86.ActiveCfg = Release|Win32
		{459540C8-BF98-413E-B7F5-5CF898A4DB51}.Release|x86.Build.0 = Release|Win32
		{F815FE78-FA77-4DE5-9DBA-9CA45AE7FB1E}.Debug|x64.ActiveCfg = Debug|x64
		{F815FE78-FA77-4DE5-9DBA-9CA45AE7FB1E}.Debug|x64.Build.0 = Debug|x64
		{F815FE78-FA77-4DE5-9DBA-9CA45AE7FB1E}.Debug|x86.ActiveCfg = Debug|Win32
		{F815FE78-FA77-4DE5-9DBA-9CA45AE7FB1E}.Debug|x86.Build.0 = Debug|Win32
		{F815FE78-FA77-4DE5-9DBA-9CA45AE7FB1E}.Release|x64.ActiveCfg = Release|x64
		{F815FE78-FA77-4DE5-9DBA-9CA45AE7FB1E}.Release|x64.Build.0 = Release|x64
		{F815FE78-FA77-4DE5-9DBA-9CA45AE7FB1E}.Release|x86.ActiveCfg = Release|Win32
		{F815FE78-FA77-4DE5-9DBA-9CA45AE7FB1E}.Release|x86.Build.0 = Release|Win32
		{3EE495F2-BAD3-4134-9BBB-15C64A65134C}.Debug|x64.ActiveCfg = Debug|x64
		{3EE495F2-BAD3-4134-9BBB-15C64A65134C}.Debug|x64.Build.0 = Debug|x64
		{3EE495F2-BAD3-4134-9BBB-15C64A65134C}.Debug|x86.ActiveCfg = Debug|Win32
		{3EE495F2-BAD3-4134-9BBB-15C64A65134C}.Debug|x86.Build.0 = Debug|Win32
		{3EE495F2-BAD3-4134-9BBB-15C64A65134C}.Release|x64.ActiveCfg = Release|x64
		{3EE495F2-BAD3-4134-9BBB-15C64A65134C}.Release|x64.Build.0 = Release|x64
		{3EE495F2-BAD3-4134-9BBB-15C64A65134C}.Release|x86.ActiveCfg = Release|Win32
		{3EE495F2-BAD3-4134-9BBB-15C64A65134C}.Release|x86.Build.0 = Release|Win32
		{0E517987-55D3-4326-B02C-20572D5A869A}.Debug|x64.ActiveCfg = Debug|x64
		{0E517987-55D3-4326-B02C-20572D5A869A}.Debug|x64.Build.0 = Debug|x64
		{0E517987-55D3-4326-B02C-20572D5A869A}.Debug|x86.ActiveCfg = Debug|Win32
		{0E517987-55D3-4326-B02C-20572D5A869A}.Debug|x86.Build.0 = Debug|Win32
		{0E517987-55D3-4326-B02C-20572D5A869A}.Release|x64.ActiveCfg = Release|x64
		{0E517987-55D3-4326-B02C-20572D5A869A}.Release|x64.Build.0 = Release|x64
		{0E517987-55D3-4326-B02C-20572D5A869A}.Release|x86.ActiveCfg = Release|Win32
		{0E517987-55D3-4326-B02C-20572D5A869A}.Release|x86.Build.0 = Release|Win32
		{33F475C7-A43B-4408-92F6-0449AED54C69}.Debug|x64.ActiveCfg = Debug|x64
		{33F475C7-A43B-4408-92F6-0449AED54C69}.Debug|x64.Build.0 = Debug|x64
		{33F475C7-A43B-4408-92F6-0449AED54C69}.Debug|x86.ActiveCfg = Debug|Win32
		{33F475C7-A43B-4408-92F6-0449AED54C69}.Debug|x86.Build.0 = Debug|Win32
		{33F475C7-A43B-4408-92F6-0449AED54C69}.Release|x64.ActiveCfg = Release|x64
		{33F475C7-A43B-4408-92F6-0449AED54C69}.Release|x64.Build.0 = Release|x64
		{33F475C7-A43B-4408-92F6-0449AED54C69}.Release|x86.ActiveCfg = Release|Win32
		{33F475C7-A43B-4408-92F6-0449AED54C69}.Release|x86.Build.0 = Release|Win32
		{0087A8A5-E76E-4A1C-920F-5A71D30A7D85}.Debug|x64.ActiveCfg = Debug|x64
		{0087A8A5-E76E-4A1C-920F-5A71D30A7D85}.Debug|x64.Build.0 = Debug|x64
		{0087A8A5-E76E-4A1C-920F-5A71D30A7D85}.Debug|x86.ActiveCfg = Debug|Win32
		{0087A8A5-E76E-4A1C-920F-5A71D30A7D85}.Debug|x86.Build.0 = Debug|Win32
		{0087A8A5-E76E-4A1C-920F-5A71D30A7D85}.Release|x64.ActiveCfg = Release|x64
		{0087A8A5-E76E-4A1C-920F-5A71D30A7D85}.Release|x64.Build.0 = Release|x64
		{0087A8A5-E76E-4A1C-920F-5A71D30A7D85}.Release|x86.ActiveCfg = Release|Win32
		{0087A8A5-E76E-4A1C-920F-5A71D30A7D85}.Release|x86.Build.0 = Release|Win32
		{A7E001E8-D0EF-427D-B1EC-EFBD3455E987}.Debug|x64.ActiveCfg = Debug|x64
		{A7E001E8-D0EF-427D-B1EC-EFBD3455E987}.Debug|x64.Build.0 = Debug|x64
		{A7E001E8-D0EF-427D-B1EC-EFBD3455E987}.Debug|x86.ActiveCfg = Debug|Win32
		{A7E001E8-D0EF-427D-B1EC-EFBD3455E987}.Debug|x86.Build.0 = Debug|Win32
		{A7E001E8-D0EF-427D-B1EC-EFBD3455E987}.Release|x64.ActiveCfg = Release|x64
		{A7E001E8-D0EF-427D-B1EC-EFBD3455E987}.Release|x64.Build.0 = Release|x64
		{A7E001E8-D0EF-427D-B1EC-EFBD3455E987}.Release|x86.ActiveCfg = Release|Win32
		{A7E001E8-D0EF-427D-B1EC-EFBD3455E987}.Release|x86.Build.0 = Release|Win32
		{FD374D15-633F-46F1-AEC4-80E0C53C1E19}.Debug|x64.ActiveCfg = Debug|x64
		{FD374D15-633F-46F1-AEC4-80E0C53C1E19}.Debug|x64.Build.0 = Debug|x64
		{FD374D15-633F-46F1-AEC4-80E0C53C1E19}.Debug|x86.ActiveCfg = Debug|Win32
		{FD374D15-633F-46F1-AEC4-80E0C53C1E19}.Debug|x86.Build.0 = Debug|Win32
		{FD374D15-633F-46F1-AEC4-80E0C53C1E19}.Release|x64.ActiveCfg = Release|x64
		{FD374D15-633F-46F1-AEC4-80E0C53C1E19}.Release|x64.Build.0 = Release|x64
		{FD374D15-633F-46F1-AEC4-80E0C53C1E19}.Release|x86.ActiveCfg = Release|Win32
		{FD374D15-633F-46F1-AEC4-80E0C53C1E19}.Release|x86.Build.0 = Release|Win32
		{F3D787F0-EFB2-4C05-9197-00B2676B8753}.Debug|x64.ActiveCfg = Debug|x64
		{F3D787F0-EFB2-4C05-9197-00B2676B8753}.Debug|x64.Build.0 = Debug|x64
		{F3D787F0-EFB2-4C05-9197-00B2676B8753}.Debug|x86.ActiveCfg = Debug|Win32
		{F3D787F0-EFB2-4C05-9197-00B2676B8753}.Debug|x86.Build.0 = Debug|Win32
		{F3D787F0-EFB2-4C05-9197-00B2676B8753}.Release|x64.ActiveCfg = Release|x64
		{F3D787F0-EFB2-4C05-9197-00B2676B8753}.Release|x64.Build.0 = Release|x64
		{F3D787F0-EFB2-4C05-9197-00B2676B8753}.Release|x86.ActiveCfg = Release|Win32
		{F3D787F0-EFB2-4C05-9197-00B2676B8753}.Release|x86.Build.0 = Release|Win32
		{2CE3AE57-896E-464B-89AC-89DFFE887913}.Debug|x64.ActiveCfg = Debug|x64
		{2CE3AE57-896E-464B-89AC-89DFFE887913}.Debug|x64.Build.0 = Debug|x64
		{2CE3AE57-896E-464B-89AC-89DFFE887913}.Debug|x86.ActiveCfg = Debug|Win32
		{2CE3AE57-896E-464B-89AC-89DFFE887913}.Debug|x86.Build.0 = Debug|Win32
		{2CE3AE57-896E-464B-89AC-89DFFE887913}.Release|x64.ActiveCfg = Release|x64
		{2CE3AE57-896E-464B-89AC-89DFFE887913}.Release|x64.Build.0 = Release|x64
		{2CE3AE57-896E-464B-89AC-89DFFE887913}.Release|x86.ActiveCfg = Release|Win32
		{2CE3AE57-896E-464B-89AC-89DFFE887913}.Release|x86.Build.0 = Release|Win32
		{17EBCDE7-B3E8-482E-9E31-2BE7F9510F2E}.Debug|x64.ActiveCfg = Debug|x64
		{17EBCDE7-B3E8-482E-9E31-2BE7F9510F2E}.Debug|x64.Build.0 = Debug|x64
		{17EBCDE7-B3E8-482E-9E31-2BE7F9510F2E}.Debug|x86.ActiveCfg = Debug|Win32
		{17EBCDE7-B3E8-482E-9E31-2BE7F9510F2E}.Debug|x86.Build.0 = Debug|Win32
		{17EBCDE7-B3E8-482E-9E31-2BE7F9510F2E}.Release|x64.ActiveCfg = Release|x64
		{17EBCDE7-B3E8-482E-9E31-2BE7F9510F2E}.Release|x64.Build.0 = Release|x64
		{17EBCDE7-B3E8-482E-9E31-2BE7F9510F2E}.Release|x86.ActiveCfg = Release|Win32
		{17EBCDE7-B3E8-482E-9E31-2BE7F9510F2E}.Release|x86.Build.0 = Release|Win32
		{CF31E89B-5DB2-4B9D-BBE0-EC6475693B55}.Debug|x64.ActiveCfg = Debug|x64
		{CF31E89B-5DB2-4B9D-BBE0-EC6475693B55}.Debug|x64.Build.0 = Debug|x64
		{CF31E89B-5DB2-4B9D-BBE0-EC6475693B55}.Debug|x86.ActiveCfg = Debug|Win32
		{CF31E89B-5DB2-4B9D-BBE0-EC6475693B55}.Debug|x86.Build.0 = Debug|Win32
		{CF31E89B-5DB2-4B9D-BBE0-EC6475693B55}.Release|x64.ActiveCfg = Release|x64
		{CF31E89B-5DB2-4B9D-BBE0-EC6475693B55}.Release|x64.Build.0 = Release|x64
		{CF31E89B-5DB2-4B9D-BBE0-EC6475693B55}.Release|x86.ActiveCfg = Release|Win32
		{CF31E89B-5DB2-4B9D-BBE0-EC6475693B55}.Release|x86.Build.0 = Release|Win32
		{F92D9C2C-6B6B-48E6-B05F-5970494629AA}.Debug|x64.ActiveCfg = Debug|x64
		{F92D9C2C-6B6B-48E6-B05F-5970494629AA}.Debug|x64.Build.0 = Debug|x64
		{F92D9C2C-6B6B-48E6-B05F-5970494629AA}.Debug|x86.ActiveCfg = Debug|Win32
		{F92D9C2C-6B6B-48E6-B05F-5970494629AA}.Debug|x86.Build.0 = Debug|Win32
		{F92D9C2C-6B6B-48E6-B05F-5970494629AA}.Release|x64.ActiveCfg = Release|x64
		{F92D9C2C-6B6B-48E6-B05F-5970494629AA}.Release|x64.Build.0 = Release|x64
		{F92D9C2C-6B6B-48E6-B05F-5970494629AA}.Release|x86.ActiveCfg = Release|Win32
		{F92D9C2C-6B6B-48E6-B05F-5970494629AA}.Release|x86.Build.0 = Release|Win32
		{D5D0A2BE-0778-4E61-9085-57D78757465A}.Debug|x64.ActiveCfg = Debug|x64
		{D5D0A2BE-0778-4E61-9085-57D78757465A}.Debug|x64.Build.0 = Debug|x64
		{D5D0A2BE-0778-4E61-9085-57D78757465A}.Debug|x86.ActiveCfg = Debug|Win32
		{D5D0A2BE-0778-4E61-9085-57D78757465A}.Debug|x86.Build.0 = Debug|Win32
		{D5D0A2BE-0778-4E61-9085-57D78757465A}.Release|x64.ActiveCfg = Release|x64
		{D5D0A2BE-0778-4E61-9085-57D78757465A}.Release|x64.Build.0 = Release|x64
		{D5D0A2BE-0778-4E61-9085-57D78757465A}.Release|x86.ActiveCfg = Release|Win32
		{D5D0A2BE-0778-4E61-9085-57D78757465A}.Release|x86.Build.0 = Release|Win32
		{5C87452C-B75C-47E4-8752-B36354396F53}.Debug|x64.ActiveCfg = Debug|x64
		{5C87452C-B75C-47E4-8752-B36354396F53}.Debug|x64.Build.0 = Debug|x64
		{5C87452C-B75C-47E4-8752-B36354396F53}.Debug|x86.ActiveCfg = Debug|Win32
		{5C87452C-B75C-47E4-8752-B36354396F53}.Debug|x86.Build.0 = Debug|Win32
		{5C87452C-B75C-47E4-8752-B36354396F53}.Release|x64.ActiveCfg = Release|x64
		{5C87452C-B75C-47E4-8752-B36354396F53}.Release|x64.Build.0 = Release|x64
		{5C87452C-B75C-47E4-8752-B36354396F53}.Release|x86.ActiveCfg = Release|Win32
		{5C87452C-B75C-47E4-8752-B36354396F53}.Release|x86.Build.0 = Release|Win32
		{D6852F95-7545-498B-BCEA-9BD2FA1773D0}.Debug|x64.ActiveCfg = Debug|x64
		{D6852F95-7545-498B-BCEA-9BD2FA1773D0}.Debug|x64.Build.0 = Debug|x64
		{D6852F95-7545-498B-BCEA-9BD2FA1773D0}.Debug|x86.ActiveCfg = Debug|Win32
		{D6852F95-7545-498B-BCEA-9BD2FA1773D0}.Debug|x86.Build.0 = Debug|Win32
		{D6852F95-7545-498B-BCEA-9BD2FA1773D0}.Release|x64.ActiveCfg = Release|x64
		{D6852F95-7545-498B-BCEA-9BD2FA1773D0}.Release|x64.Build.0 = Release|x64
		{D6852F95-7545-498B-BCEA-9BD2FA1773D0}.Release|x86.ActiveCfg = Release|Win32
		{D6852F95-7545-498B-BCEA-9BD2FA1773D0}.Release|x86.Build.0 = Release|Win32
		{37AFB0D1-D57C-4688-AA19-4F1CC8F691FD}.Debug|x64.ActiveCfg = Debug|x64
		{37AFB0D1-D57C-4688-AA19-4F1CC8F691FD}.Debug|x64.Build.0 = Debug|x64
		{37AFB0D1-D57C-4688-AA19-4F1CC8F691FD}.Debug|x86.ActiveCfg = Debug|Win32
		{37AFB0D1-D57C-4688-AA19-4F1CC8F691FD}.Debug|x86.Build.0 = Debug|Win32
		{37AFB0D1-D57C-4688-AA19-4F1CC8F691FD}.Release|x64.ActiveCfg = Release|x64
		{37AFB0D1-D57C-4688-AA19-4F1CC8F691FD}.Release|x64.Build.0 = Release|x64
		{37AFB0D1-D57C-4688-AA19-4F1CC8F691FD}.Release|x86.ActiveCfg = Release|Win32
		{37AFB0D1-D57C-4688-AA19-4F1CC8F691FD}.Release|x86.Build.0 = Release|Win32
		{5F620DAC-AF2E-458F-9A43-E0955C9BFAE7}.Debug|x64.ActiveCfg = Debug|x64
		{5F620DAC-AF2E-458F-9A43-E0955C9BFAE7}.Debug|x64.Build.0 = Debug|x64
		{5F620DAC-AF2E-458F-9A43-E0955C9BFAE7}.Debug|x86.ActiveCfg = Debug|Win32
		{5F620DAC-AF2E-458F-9A43-E0955C9BFAE7}.Debug|x86.Build.0 = Debug|Win32
		{5F620DAC-AF2E-458F-9A43-E0955C9BFAE7}.Release|x64.ActiveCfg = Release|x64
		{5F620DAC-AF2E-458F-9A43-E0955C9BFAE7}.Release|x64.Build.0 = Release|x64
		{5F620DAC-AF2E-458F-9A43-E0955C9BFAE7}.Release|x86.ActiveCfg = Release|Win32
		{5F620DAC-AF2E-458F-9A43-E0955C9BFAE7}.Release|x86.Build.0 = Release|Win32
		{B00524A2-A2A7-49F8-A989-B3729DDE65F5}.Debug|x64.ActiveCfg = Debug|x64
		{B00524A2-A2A7-49F8-A989-B3729DDE65F5}.Debug|x64.Build.0 = Debug|x64
		{B00524A2-A2A7-49F8-A989-B3729DDE65F5}.Debug|x86.ActiveCfg = Debug|Win32
		{B00524A2-A2A7-49F8-A989-B3729DDE65F5}.Debug|x86.Build.0 = Debug|Win32
		{B00524A2-A2A7-49F8-A989-B3729DDE65F5}.Release|x64.ActiveCfg = Release|x64
		{B00524A2-A2A7-49F8-A989-B3729DDE65F5}.Release|x64.Build.0 = Release|x64
		{B00524A2-A2A7-49F8-A989-B3729DDE65F5}.Release|x86.ActiveCfg = Release|Win32
		{B00524A2-A2A7-49F8-A989-B3729DDE65F5}.Release|x86.Build.0 = Release|Win32
		{F13D5CCC-3C2C-448C-A9E8-22B50737B929}.Debug|x64.ActiveCfg = Debug|x64
		{F13D5CCC-3C2C-448C-A9E8-22B50737B929}.Debug|x64.Build.0 = Debug|x64
		{F13D5CCC-3C2C-448C-A9E8-22B50737B929}.Debug|x86.ActiveCfg = Debug|Win32
		{F13D5CCC-3C2C-448C-A9E8-22B50737B929}.Debug|x86.Build.0 = Debug|Win32
		{F13D5CCC-3C2C-448C-A9E8-22B50737B929}.Release|x64.ActiveCfg = Release|x64
		{F13D5CCC-3C2C-448C-A9E8-22B50737B929}.Release|x64.Build.0 = Release|x64
		{F13D5CCC-3C2C-448C-A9E8-22B50737B929}.Release|x86.ActiveCfg = Release|Win32
		{F13D5CCC-3C2C-448C-A9E8-22B50737B929}.Release|x86.Build.0 = Release|Win32
		{1981E7A4-CCC1-46E2-A884-815946C36098}.Debug|x64.ActiveCfg = Debug|x64
		{1981E7A4-CCC1-46E2-A884-815946C36098}.Debug|x64.Build.0 = Debug|x64
		{1981E7A4-CCC1-46E2-A884-815946C36098}.Debug|x86.ActiveCfg = Debug|Win32
		{1981E7A4-CCC1-46E2-A884-815946C36098}.Debug|x86.Build.0 = Debug|Win32
		{1981E7A4-CCC1-46E2-A884-815946C36098}.Release|x64.ActiveCfg = Release|x64
		{1981E7A4-CCC1-46E2-A884-815946C36098}.Release|x64.Build.0 = Release|x64
		{1981E7A4-CCC1-46E2-A884-815946C36098}.Release|x86.ActiveCfg = Release|Win32
		{1981E7A4-CCC1-46E2-A884-815946C36098}.Release|x86.Build.0 = Release|Win32
		{07F8BA93-8DBE-4FC2-8886-70FED59F6686}.Debug|x64.ActiveCfg = Debug|x64
		{07F8BA93-8DBE-4FC2-8886-70FED59F6686}.Debug|x64.Build.0 = Debug|x64
		{07F8BA93-8DBE-4FC2-8886-70FED59F6686}.Debug|x86.ActiveCfg = Debug|Win32
		{07F8BA93-8DBE-4FC2-8886-70FED59F6686}.Debug|x86.Build.0 = Debug|Win32
		{07F8BA93-8DBE-4FC2-8886-70FED59F6686}.Release|x64.ActiveCfg = Release|x64
		{07F8BA93-8DBE-4FC2-8886-70FED59F6686}.Release|x64.Build.0 = Release|x64
		{07F8BA93-8DBE-4FC2-8886-70FED59F6686}.Release|x86.ActiveCfg = Release|Win32
		{07F8BA93-8DBE-4FC2-8886-70FED59F6686}.Release|x86.Build.0 = Release|Win32
		{5A20B7A7-D46F-4096-A01B-136375779751}.Debug|x64.ActiveCfg = Debug|x64
		{5A20B7A7-D46F-4096-A01B-136375779751}.Debug|x64.Build.0 = Debug|x64
		{5A20B7A7-D46F-4096-A01B-136375779751}.Debug|x86.ActiveCfg = Debug|Win32
		{5A20B7A7-D46F-4096-A01B-136375779751}.Debug|x86.Build.0 = Debug|Win32
		{5A20B7A7-D46F-4096-A01B-136375779751}.Release|x64.ActiveCfg = Release|x64
		{5A20B7A7-D46F-4096-A01B-136375779751}.Release|x64.Build.0 = Release|x64
		{5A20B7A7-D46F-4096-A01B-136375779751}.Release|x86.ActiveCfg = Release|Win32
		{5A20B7A7-D46F-4096-A01B-136375779751}.Release|x86.Build.0 = Release|Win32
		{E0D42214-FC16-4441-B276-1A885658117F}.Debug|x64.ActiveCfg = Debug|x64
		{E0D42214-FC16-4441-B276-1A885658117F}.Debug|x64.Build.0 = Debug|x64
		{E0D42214-FC16-4441-B276-1A885658117F}.Debug|x86.ActiveCfg = Debug|Win32
		{E0D42214-FC16-4441-B276-1A885658117F}.Debug|x86.Build.0 = Debug|Win32
		{E0D42214-FC16-4441-B276-1A885658117F}.Release|x64.ActiveCfg = Release|x64
		{E0D42214-FC16-4441-B276-1A885658117F}.Release|x64.Build.0 = Release|x64
		{E0D42214-FC16-4441-B276-1A885658117F}.Release|x86.ActiveCfg = Release|Win32
		{E0D42214-FC16-4441-B276-1A885658117F}.Release|x86.Build.0 = Release|Win32
		{0116610D-3651-4F1F-B6AB-9170B47C509F}.Debug|x64.ActiveCfg = Debug|x64
		{0116610D-3651-4F1F-B6AB-9170B47C509F}.Debug|x64.Build.0 = Debug|x64
		{0116610D-3651-4F1F-B6AB-9170B47C509F}.Debug|x86.ActiveCfg = Debug|Win32
		{0116610D-3651-4F1F-B6AB-9170B47C509F}.Debug|x86.Build.0 = Debug|Win32
		{0116610D-3651-4F1F-B6AB-9170B47C509F}.Release|x64.ActiveCfg = Release|x64
		{0116610D-3651-4F1F-B6AB-9170B47C509F}.Release|x64.Build.0 = Release|x64
		{0116610D-3651-4F1F-B6AB-9170B47C509F}.Release|x86.ActiveCfg = Release|Win32
		{0116610D-3651-4F1F-B6AB-9170B47C509F}.Release|x86.Build.0 = Release|Win32
		{AEA3A91C-94AB-407A-AC3A-3DD62169E3CF}.Debug|x64.ActiveCfg = Debug|x64
		{AEA3A91C-94AB-407A-AC3A-3DD62169E3CF}.Debug|x64.Build.0 = Debug|x64
		{AEA3A91C-94AB-407A-AC3A-3DD62169E3CF}.Debug|x86.ActiveCfg = Debug|Win32
		{AEA3A91C-94AB-407A-AC3A-3DD62169E3CF}.Debug|x86.Build.0 = Debug|Win32
		{AEA3A91C-94AB-407A-AC3A-3DD62169E3CF}.Release|x64.ActiveCfg = Release|x64
		{AEA3A91C-94AB-407A-AC3A-3DD62169E3CF}.Release|x64.Build.0 = Release|x64
		{AEA3A91C-94AB-407A-AC3A-3DD62169E3CF}.Release|x86.ActiveCfg = Release|Win32
		{AEA3A91C-94AB-407A-AC3A-3DD62169E3CF}.Release|x86.Build.0 = Release|Win32
		{3EBAC7C7-97A0-400B-91F2-00F8E55CED4B}.Debug|x64.ActiveCfg = Debug|x64
		{3EBAC7C7-97A0-400B-91F2-00F8E55CED4B}.Debug|x64.Build.0 = Debug|x64
		{3EBAC7C7-97A0-400B-91F2-00F8E55CED4B}.Debug|x86.ActiveCfg = Debug|Win32
		{3EBAC7C7-97A0-400B-91F2-00F8E55CED4B}.Debug|x86.Build.0 = Debug|Win32
		{3EBAC7C7-97A0-400B-91F2-00F8E55CED4B}.Release|x64.ActiveCfg = Release|x64
		{3EBAC7C7-97A0-400B-91F2-00F8E55CED4B}.Release|x64.Build.0 = Release|x64
		{3EBAC7C7-97A0-400B-91F2-00F8E55CED4B}.Release|x86.ActiveCfg = Release|Win32
		{3EBAC7C7-97A0-400B-91F2-00F8E55CED4B}.Release|x86.Build.0 = Release|Win32
		{B30E9B8B-DA52-4CDA-A9CF-9CC97DC0D3E5}.Debug|x64.ActiveCfg = Debug|x64
		{B30E9B8B-DA52-4CDA-A9CF-9CC97DC0D3E5}.Debug|x64.Build.0 = Debug|x64
		{B30E9B8B-DA52-4CDA-A9CF-9CC97DC0D3E5}.Debug|x86.ActiveCfg = Debug|Win32
		{B30E9B8B-DA52-4CDA-A9CF-9CC97DC0D3E5}.Debug|x86.Build.0 = Debug|Win32
		{B30E9B8B-DA52-4CDA-A9CF-9CC97DC0D3E5}.Release|x64.ActiveCfg = Release|x64
		{B30E9B8B-DA52-4CDA-A9CF-9CC97DC0D3E5}.Release|x64.Build.0 = Release|x64
		{B30E9B8B-DA52-4CDA-A9CF-9CC97DC0D3E5}.Release|x86.ActiveCfg = Release|Win32
		{B30E9B8B-DA52-4CDA-A9CF-9CC97DC0D3E5}.Release|x86.Build.0 = Release|Win32
		{63EE0763-F74A-47C2-BC42-7A807E134336}.Debug|x64.ActiveCfg = Debug|x64
		{63EE0763-F74A-47C2-BC42-7A807E134336}.Debug|x64.Build.0 = Debug|x64
		{63EE0763-F74A-47C2-BC42-7A807E134336}.Debug|x86.ActiveCfg = Debug|Win32
		{63EE0763-F74A-47C2-BC42-7A807E134336}.Debug|x86.Build.0 = Debug|Win32
		{63EE0763-F74A-47C2-BC42-7A807E134336}.Release|x64.ActiveCfg = Release|x64
		{63EE0763-F74A-47C2-BC42-7A807E134336}.Release|x64.Build.0 = Release|x64
		{63EE0763-F74A-47C2-BC42-7A807E134336}.Release|x86.ActiveCfg = Release|Win32
		{63EE0763-F74A-47C2-BC42-7A807E134336}.Release|x86.Build.0 = Release|Win32
		{0271CA5C-A0B3-48C0-99BC-9D9550582BFA}.Debug|x64.ActiveCfg = Debug|x64
		{0271CA5C-A0B3-48C0-99BC-9D9550582BFA}.Debug|x64.Build.0 = Debug|x64
		{0271CA5C-A0B3-48C0-99BC-9D9550582BFA}.Debug|x86.ActiveCfg = Debug|Win32
		{0271CA5C-A0B3-48C0-99BC-9D9550582BFA}.Debug|x86.Build.0 = Debug|Win32
		{0271CA5C-A0B3-48C0-99BC-9D9550582BFA}.Release|x64.ActiveCfg = Release|x64
		{0271CA5C-A0B3-48C0-99BC-9D9550582BFA}.Release|x64.Build.0 = Release|x64
		{0271CA5C-A0B3-48C0-99BC-9D9550582BFA}.Release|x86.ActiveCfg = Release|Win32
		{0271CA5C-A0B3-48C0-99BC-9D9550582BFA}.Release|x86.Build.0 = Release|Win32
		{6193480F-4649-4E6B-B06C-E54F60489DB3}.Debug|x64.ActiveCfg = Debug|x64
		{6193480F-4649-4E6B-B06C-E54F60489DB3}.Debug|x64.Build.0 = Debug|x64
		{6193480F-4649-4E6B-B06C-E54F60489DB3}.Debug|x86.ActiveCfg = Debug|Win32
		{6193480F-4649-4E6B-B06C-E54F60489DB3}.Debug|x86.Build.0 = Debug|Win32
		{6193480F-4649-4E6B-B06C-E54F60489DB3}.Release|x64.ActiveCfg = Release|x64
		{6193480F-4649-4E6B-B06C-E54F60489DB3}.Release|x64.Build.0 = Release|x64
		{6193480F-4649-4E6B-B06C-E54F60489DB3}.Release|x86.ActiveCfg = Release|Win32
		{6193480F-4649-4E6B-B06C-E54F60489DB3}.Release|x86.Build.0 = Release|Win32
		{964F46B9-FA79-4F42-A6D8-92635DDBB3F0}.Debug|x64.ActiveCfg = Debug|x64
		{964F46B9-FA79-4F42-A6D8-92635DDBB3F0}.Debug|x64.Build.0 = Debug|x64
		{964F46B9-FA79-4F42-A6D8-92635DDBB3F0}.Debug|x86.ActiveCfg = Debug|Win32
		{964F46B9-FA79-4F42-A6D8-92635DDBB3F0}.Debug|x86.Build.0 = Debug|Win32
		{964F46B9-FA79-4F42-A6D8-92635DDBB3F0}.Release|x64.ActiveCfg = Release|x64
		{964F46B9-FA79-4F42-A6D8-92635DDBB3F0}.Release|x64.Build.0 = Release|x64
		{964F46B9-FA79-4F42-A6D8-92635DDBB3F0}.Release|x86.ActiveCfg = Release|Win32
		{964F46B9-FA79-4F42-A6D8-92635DDBB3F0}.Release|x86.Build.0 = Release|Win32
		{E40DB9F3-8B4C-4BA6-AD0B-0044C9A31C7E}.Debug|x64.ActiveCfg = Debug|x64
		{E40DB9F3-8B4C-4BA6-AD0B-0044C9A31C7E}.Debug|x64.Build.0 = Debug|x64
		{E40DB9F3-8B4C-4BA6-AD0B-0044C9A31C7E}.Debug|x86.ActiveCfg = Debug|Win32
		{E40DB9F3-8B4C-4BA6-AD0B-0044C9A31C7E}.Debug|x86.Build.0 = Debug|Win32
		{E40DB9F3-8B4C-4BA6-AD0B-0044C9A31C7E}.Release|x64.ActiveCfg = Release|x64
		{E40DB9F3-8B4C-4BA6-AD0B-0044C9A31C7E}.Release|x64.Build.0 = Release|x64
		{E40DB9F3-8B4C-4BA6-AD0B-0044C9A31C7E}.Release|x86.ActiveCfg = Release|Win32
		{E40DB9F3-8B4C-4BA6-AD0B-0044C9A31C7E}.Release|x86.Build.0 = Release|Win32
		{997FCCFA-9850-4654-A714-86A61810095B}.Debug|x64.ActiveCfg = Debug|x64
		{997FCCFA-9850-4654-A714-86A61810095B}.Debug|x64.Build.0 = Debug|x64
		{997FCCFA-9850-4654-A714-86A61810095B}.Debug|x86.ActiveCfg = Debug|Win32
		{997FCCFA-9850-4654-A714-86A61810095B}.Debug|x86.Build.0 = Debug|Win32
		{997FCCFA-9850-4654-A714-86A61810095B}.Release|x64.ActiveCfg = Release|x64
		{997FCCFA-9850-4654-A714-86A61810095B}.Release|x64.Build.0 = Release|x64
		{997FCCFA-9850-4654-A714-86A61810095B}.Release|x86.ActiveCfg = Release|Win32
		{997FCCFA-9850-4654-A714-86A61810095B}.Release|x86.Build.0 = Release|Win32
		{AF13FCDC-D070-4054-BBC3-D087B824093F}.Debug|x64.ActiveCfg = Debug|x64
		{AF13FCDC-D070-4054-BBC3-D087B824093F}.Debug|x64.Build.0 = Debug|x64
		{AF13FCDC-D070-4054-BBC3-D087B824093F}.Debug|x86.ActiveCfg = Debug|Win32
		{AF13FCDC-D070-4054-BBC3-D087B824093F}.Debug|x86.Build.0 = Debug|Win32
		{AF13FCDC-D070-4054-BBC3-D087B824093F}.Release|x64.ActiveCfg = Release|x64
		{AF13FCDC-D070-4054-BBC3-D087B824093F}.Release|x64.Build.0 = Release|x64
		{AF13FCDC-D070-4054-BBC3-D087B824093F}.Release|x86.ActiveCfg = Release|Win32
		{AF13FCDC-D070-4054-BBC3-D087B824093F}.Release|x86.Build.0 = Release|Win32
		{B7D220AA-6528-4C29-A60E-4926AD49296E}.Debug|x64.ActiveCfg = Debug|x64
		{B7D220AA-6528-4C29-A60E-4926AD49296E}.Debug|x64.Build.0 = Debug|x64
		{B7D220AA-6528-4C29-A60E-4926AD49296E}.Debug|x86.ActiveCfg = Debug|Win32
		{B7D220AA-6528-4C29-A60E-4926AD49296E}.Debug|x86.Build.0 = Debug|Win32
		{B7D220AA-6528-4C29-A60E-4926AD49296E}.Release|x64.ActiveCfg = Release|x64
		{B7D220AA-6528-4C29-A60E-4926AD49296E}.Release|x64.Build.0 = Release|x64
		{B7D220AA-6528-4C29-A60E-4926AD49296E}.Release|x86.ActiveCfg = Release|Win32
		{B7D220AA-6528-4C29-A60E-4926AD49296E}.Release|x86.Build.0 = Release|Win32
	EndGlobalSection
	GlobalSection(SolutionProperties) = preSolution
		HideSolutionNode = FALSE
	EndGlobalSection
	GlobalSection(ExtensibilityGlobals) = postSolution
		SolutionGuid = {ADE6A49F-1EF3-4158-9D2E-2A65AE7AB364}
	EndGlobalSection
EndGlobal
